// !$*UTF8*$!
{
	archiveVersion = 1;
	classes = {
	};
	objectVersion = 56;
	objects = {

/* Begin PBXBuildFile section */
		08E162442934E454000D2105 /* StoreScreen.swift in Sources */ = {isa = PBXBuildFile; fileRef = 08E162432934E454000D2105 /* StoreScreen.swift */; };
		08E162462934E47E000D2105 /* StoreViewController.swift in Sources */ = {isa = PBXBuildFile; fileRef = 08E162452934E47E000D2105 /* StoreViewController.swift */; };
		DF18BFDA291AE23100C0570A /* CKEntityProtocol.swift in Sources */ = {isa = PBXBuildFile; fileRef = DF18BFD9291AE23100C0570A /* CKEntityProtocol.swift */; };
		DF18BFDD291AE87B00C0570A /* CKUser.swift in Sources */ = {isa = PBXBuildFile; fileRef = DF18BFDC291AE87B00C0570A /* CKUser.swift */; };
		DF18BFDF291AE91500C0570A /* CKCompany.swift in Sources */ = {isa = PBXBuildFile; fileRef = DF18BFDE291AE91500C0570A /* CKCompany.swift */; };
		DF18BFE1291AE96600C0570A /* CKService.swift in Sources */ = {isa = PBXBuildFile; fileRef = DF18BFE0291AE96600C0570A /* CKService.swift */; };
		DF18BFE3291AE9C400C0570A /* CKAppointment.swift in Sources */ = {isa = PBXBuildFile; fileRef = DF18BFE2291AE9C400C0570A /* CKAppointment.swift */; };
		DF18BFE5291AEA2E00C0570A /* CKRating.swift in Sources */ = {isa = PBXBuildFile; fileRef = DF18BFE4291AEA2E00C0570A /* CKRating.swift */; };
		DF18BFE8291AF65200C0570A /* EntityFields.swift in Sources */ = {isa = PBXBuildFile; fileRef = DF18BFE7291AF65200C0570A /* EntityFields.swift */; };
		DF18BFEA291B056400C0570A /* CKStructProtocol.swift in Sources */ = {isa = PBXBuildFile; fileRef = DF18BFE9291B056400C0570A /* CKStructProtocol.swift */; };
		DF18BFEC291B091600C0570A /* RemoteClient.swift in Sources */ = {isa = PBXBuildFile; fileRef = DF18BFEB291B091600C0570A /* RemoteClient.swift */; };
		DF18BFEE291B0A9300C0570A /* CKContainerProtocol.swift in Sources */ = {isa = PBXBuildFile; fileRef = DF18BFED291B0A9300C0570A /* CKContainerProtocol.swift */; };
		DF18BFF1291B0BBF00C0570A /* CKContainerHelper.swift in Sources */ = {isa = PBXBuildFile; fileRef = DF18BFF0291B0BBF00C0570A /* CKContainerHelper.swift */; };
		DF18BFF6291B2D0D00C0570A /* CloudKitClientTests.swift in Sources */ = {isa = PBXBuildFile; fileRef = DF18BFF5291B2D0D00C0570A /* CloudKitClientTests.swift */; };
		DF18BFF9291B2DC700C0570A /* CloudKitContainerStub.swift in Sources */ = {isa = PBXBuildFile; fileRef = DF18BFF8291B2DC700C0570A /* CloudKitContainerStub.swift */; };
		DF18BFFC291B33B400C0570A /* EntityMocks.swift in Sources */ = {isa = PBXBuildFile; fileRef = DF18BFFB291B33B400C0570A /* EntityMocks.swift */; };
		DF18C000291BC9BC00C0570A /* AccountEntity.swift in Sources */ = {isa = PBXBuildFile; fileRef = DF18BFFF291BC9BC00C0570A /* AccountEntity.swift */; };
		DF18C002291BCA0D00C0570A /* UserEntity.swift in Sources */ = {isa = PBXBuildFile; fileRef = DF18C001291BCA0D00C0570A /* UserEntity.swift */; };
		DF18C004291BCABC00C0570A /* ServiceEntity.swift in Sources */ = {isa = PBXBuildFile; fileRef = DF18C003291BCABC00C0570A /* ServiceEntity.swift */; };
		DF18C006291BCB0A00C0570A /* CompanyEntity.swift in Sources */ = {isa = PBXBuildFile; fileRef = DF18C005291BCB0A00C0570A /* CompanyEntity.swift */; };
		DF18C008291BCB5E00C0570A /* AppointmentEntity.swift in Sources */ = {isa = PBXBuildFile; fileRef = DF18C007291BCB5E00C0570A /* AppointmentEntity.swift */; };
		DF18C00A291BCC0300C0570A /* RatingEntity.swift in Sources */ = {isa = PBXBuildFile; fileRef = DF18C009291BCC0300C0570A /* RatingEntity.swift */; };
		DF699E81291AD59200EF7C78 /* CloudKitClient.swift in Sources */ = {isa = PBXBuildFile; fileRef = DF699E80291AD59200EF7C78 /* CloudKitClient.swift */; };
		DF699E84291AD6C400EF7C78 /* CKAccount.swift in Sources */ = {isa = PBXBuildFile; fileRef = DF699E83291AD6C400EF7C78 /* CKAccount.swift */; };
		DF9FBDD82929177B00084694 /* KeychainClient.swift in Sources */ = {isa = PBXBuildFile; fileRef = DF9FBDD72929177B00084694 /* KeychainClient.swift */; };
		DF9FBDDA29291F3A00084694 /* SafeStorage.swift in Sources */ = {isa = PBXBuildFile; fileRef = DF9FBDD929291F3A00084694 /* SafeStorage.swift */; };
		DF9FBDE12929262900084694 /* KeychainClientTests.swift in Sources */ = {isa = PBXBuildFile; fileRef = DF9FBDE02929262900084694 /* KeychainClientTests.swift */; };
		DF9FBDFD2929311A00084694 /* Keychain.swift in Sources */ = {isa = PBXBuildFile; fileRef = DF9FBDFC2929311A00084694 /* Keychain.swift */; };
		DF9FBE002929316D00084694 /* KeychainProtocol.swift in Sources */ = {isa = PBXBuildFile; fileRef = DF9FBDFF2929316D00084694 /* KeychainProtocol.swift */; };
		DF9FBE032929362B00084694 /* QueryProtocol.swift in Sources */ = {isa = PBXBuildFile; fileRef = DF9FBE022929362B00084694 /* QueryProtocol.swift */; };
		DF9FBE06292936FC00084694 /* QueryManager.swift in Sources */ = {isa = PBXBuildFile; fileRef = DF9FBE05292936FC00084694 /* QueryManager.swift */; };
		DF9FBE0B29293E4B00084694 /* KeychainSpy.swift in Sources */ = {isa = PBXBuildFile; fileRef = DF9FBE0A29293E4B00084694 /* KeychainSpy.swift */; };
		DF9FBE0E292BFE7E00084694 /* User.swift in Sources */ = {isa = PBXBuildFile; fileRef = DF9FBE0D292BFE7E00084694 /* User.swift */; };
		DF9FBE11292BFF0200084694 /* CoreDataClient.swift in Sources */ = {isa = PBXBuildFile; fileRef = DF9FBE10292BFF0200084694 /* CoreDataClient.swift */; };
		DF9FBE14292C0C6300084694 /* CoreDataStack.swift in Sources */ = {isa = PBXBuildFile; fileRef = DF9FBE13292C0C6300084694 /* CoreDataStack.swift */; };
		DF9FBE17292C161D00084694 /* UserDBManager.swift in Sources */ = {isa = PBXBuildFile; fileRef = DF9FBE16292C161D00084694 /* UserDBManager.swift */; };
		DF9FBE1C292C43FA00084694 /* UserDBManagerTests.swift in Sources */ = {isa = PBXBuildFile; fileRef = DF9FBE1B292C43FA00084694 /* UserDBManagerTests.swift */; };
		DF9FBE22292C48EA00084694 /* CoreDataStackFake.swift in Sources */ = {isa = PBXBuildFile; fileRef = DF9FBE21292C48EA00084694 /* CoreDataStackFake.swift */; };
		DF9FBE25292C4CE400084694 /* UserEntityMock.swift in Sources */ = {isa = PBXBuildFile; fileRef = DF9FBE24292C4CE400084694 /* UserEntityMock.swift */; };
		F32CFABB291933440056E794 /* AppDelegate.swift in Sources */ = {isa = PBXBuildFile; fileRef = F32CFABA291933440056E794 /* AppDelegate.swift */; };
		F32CFABD291933440056E794 /* SceneDelegate.swift in Sources */ = {isa = PBXBuildFile; fileRef = F32CFABC291933440056E794 /* SceneDelegate.swift */; };
		F32CFABF291933440056E794 /* ViewController.swift in Sources */ = {isa = PBXBuildFile; fileRef = F32CFABE291933440056E794 /* ViewController.swift */; };
		F32CFAC5291933440056E794 /* SalonGo.xcdatamodeld in Sources */ = {isa = PBXBuildFile; fileRef = F32CFAC3291933440056E794 /* SalonGo.xcdatamodeld */; };
		F32CFAC7291933450056E794 /* Assets.xcassets in Resources */ = {isa = PBXBuildFile; fileRef = F32CFAC6291933450056E794 /* Assets.xcassets */; };
		F32CFACA291933450056E794 /* LaunchScreen.storyboard in Resources */ = {isa = PBXBuildFile; fileRef = F32CFAC8291933450056E794 /* LaunchScreen.storyboard */; };
		F899ED9629362761005305EE /* MyAppointmentsViewController.swift in Sources */ = {isa = PBXBuildFile; fileRef = F899ED9529362761005305EE /* MyAppointmentsViewController.swift */; };
		F899ED9829364D36005305EE /* AppointmentsTableViewCell.swift in Sources */ = {isa = PBXBuildFile; fileRef = F899ED9729364D36005305EE /* AppointmentsTableViewCell.swift */; };
		F899ED9A29377CC0005305EE /* ServicesMock.swift in Sources */ = {isa = PBXBuildFile; fileRef = F899ED9929377CC0005305EE /* ServicesMock.swift */; };
		F899ED9C2937A244005305EE /* AppointmentDataTableViewCell.swift in Sources */ = {isa = PBXBuildFile; fileRef = F899ED9B2937A244005305EE /* AppointmentDataTableViewCell.swift */; };
/* End PBXBuildFile section */

/* Begin PBXContainerItemProxy section */
		F32CFAD1291933450056E794 /* PBXContainerItemProxy */ = {
			isa = PBXContainerItemProxy;
			containerPortal = F32CFAAF291933440056E794 /* Project object */;
			proxyType = 1;
			remoteGlobalIDString = F32CFAB6291933440056E794;
			remoteInfo = SalonGo;
		};
/* End PBXContainerItemProxy section */

/* Begin PBXFileReference section */
		08E162432934E454000D2105 /* StoreScreen.swift */ = {isa = PBXFileReference; lastKnownFileType = sourcecode.swift; path = StoreScreen.swift; sourceTree = "<group>"; };
		08E162452934E47E000D2105 /* StoreViewController.swift */ = {isa = PBXFileReference; lastKnownFileType = sourcecode.swift; path = StoreViewController.swift; sourceTree = "<group>"; };
		DF18BFD9291AE23100C0570A /* CKEntityProtocol.swift */ = {isa = PBXFileReference; lastKnownFileType = sourcecode.swift; path = CKEntityProtocol.swift; sourceTree = "<group>"; };
		DF18BFDC291AE87B00C0570A /* CKUser.swift */ = {isa = PBXFileReference; lastKnownFileType = sourcecode.swift; path = CKUser.swift; sourceTree = "<group>"; };
		DF18BFDE291AE91500C0570A /* CKCompany.swift */ = {isa = PBXFileReference; lastKnownFileType = sourcecode.swift; path = CKCompany.swift; sourceTree = "<group>"; };
		DF18BFE0291AE96600C0570A /* CKService.swift */ = {isa = PBXFileReference; lastKnownFileType = sourcecode.swift; path = CKService.swift; sourceTree = "<group>"; };
		DF18BFE2291AE9C400C0570A /* CKAppointment.swift */ = {isa = PBXFileReference; lastKnownFileType = sourcecode.swift; path = CKAppointment.swift; sourceTree = "<group>"; };
		DF18BFE4291AEA2E00C0570A /* CKRating.swift */ = {isa = PBXFileReference; lastKnownFileType = sourcecode.swift; path = CKRating.swift; sourceTree = "<group>"; };
		DF18BFE7291AF65200C0570A /* EntityFields.swift */ = {isa = PBXFileReference; lastKnownFileType = sourcecode.swift; path = EntityFields.swift; sourceTree = "<group>"; };
		DF18BFE9291B056400C0570A /* CKStructProtocol.swift */ = {isa = PBXFileReference; lastKnownFileType = sourcecode.swift; path = CKStructProtocol.swift; sourceTree = "<group>"; };
		DF18BFEB291B091600C0570A /* RemoteClient.swift */ = {isa = PBXFileReference; lastKnownFileType = sourcecode.swift; path = RemoteClient.swift; sourceTree = "<group>"; };
		DF18BFED291B0A9300C0570A /* CKContainerProtocol.swift */ = {isa = PBXFileReference; lastKnownFileType = sourcecode.swift; path = CKContainerProtocol.swift; sourceTree = "<group>"; };
		DF18BFF0291B0BBF00C0570A /* CKContainerHelper.swift */ = {isa = PBXFileReference; lastKnownFileType = sourcecode.swift; path = CKContainerHelper.swift; sourceTree = "<group>"; };
		DF18BFF5291B2D0D00C0570A /* CloudKitClientTests.swift */ = {isa = PBXFileReference; lastKnownFileType = sourcecode.swift; path = CloudKitClientTests.swift; sourceTree = "<group>"; };
		DF18BFF8291B2DC700C0570A /* CloudKitContainerStub.swift */ = {isa = PBXFileReference; lastKnownFileType = sourcecode.swift; path = CloudKitContainerStub.swift; sourceTree = "<group>"; };
		DF18BFFB291B33B400C0570A /* EntityMocks.swift */ = {isa = PBXFileReference; lastKnownFileType = sourcecode.swift; path = EntityMocks.swift; sourceTree = "<group>"; };
		DF18BFFF291BC9BC00C0570A /* AccountEntity.swift */ = {isa = PBXFileReference; lastKnownFileType = sourcecode.swift; path = AccountEntity.swift; sourceTree = "<group>"; };
		DF18C001291BCA0D00C0570A /* UserEntity.swift */ = {isa = PBXFileReference; lastKnownFileType = sourcecode.swift; path = UserEntity.swift; sourceTree = "<group>"; };
		DF18C003291BCABC00C0570A /* ServiceEntity.swift */ = {isa = PBXFileReference; lastKnownFileType = sourcecode.swift; path = ServiceEntity.swift; sourceTree = "<group>"; };
		DF18C005291BCB0A00C0570A /* CompanyEntity.swift */ = {isa = PBXFileReference; lastKnownFileType = sourcecode.swift; path = CompanyEntity.swift; sourceTree = "<group>"; };
		DF18C007291BCB5E00C0570A /* AppointmentEntity.swift */ = {isa = PBXFileReference; lastKnownFileType = sourcecode.swift; path = AppointmentEntity.swift; sourceTree = "<group>"; };
		DF18C009291BCC0300C0570A /* RatingEntity.swift */ = {isa = PBXFileReference; lastKnownFileType = sourcecode.swift; path = RatingEntity.swift; sourceTree = "<group>"; };
		DF699E7D291AD2B900EF7C78 /* SalonGo.entitlements */ = {isa = PBXFileReference; lastKnownFileType = text.plist.entitlements; path = SalonGo.entitlements; sourceTree = "<group>"; };
		DF699E80291AD59200EF7C78 /* CloudKitClient.swift */ = {isa = PBXFileReference; lastKnownFileType = sourcecode.swift; path = CloudKitClient.swift; sourceTree = "<group>"; };
		DF699E83291AD6C400EF7C78 /* CKAccount.swift */ = {isa = PBXFileReference; lastKnownFileType = sourcecode.swift; path = CKAccount.swift; sourceTree = "<group>"; };
		DF9FBDD72929177B00084694 /* KeychainClient.swift */ = {isa = PBXFileReference; lastKnownFileType = sourcecode.swift; path = KeychainClient.swift; sourceTree = "<group>"; };
		DF9FBDD929291F3A00084694 /* SafeStorage.swift */ = {isa = PBXFileReference; lastKnownFileType = sourcecode.swift; path = SafeStorage.swift; sourceTree = "<group>"; };
		DF9FBDE02929262900084694 /* KeychainClientTests.swift */ = {isa = PBXFileReference; lastKnownFileType = sourcecode.swift; path = KeychainClientTests.swift; sourceTree = "<group>"; };
		DF9FBDFC2929311A00084694 /* Keychain.swift */ = {isa = PBXFileReference; lastKnownFileType = sourcecode.swift; path = Keychain.swift; sourceTree = "<group>"; };
		DF9FBDFF2929316D00084694 /* KeychainProtocol.swift */ = {isa = PBXFileReference; lastKnownFileType = sourcecode.swift; path = KeychainProtocol.swift; sourceTree = "<group>"; };
		DF9FBE022929362B00084694 /* QueryProtocol.swift */ = {isa = PBXFileReference; lastKnownFileType = sourcecode.swift; path = QueryProtocol.swift; sourceTree = "<group>"; };
		DF9FBE05292936FC00084694 /* QueryManager.swift */ = {isa = PBXFileReference; lastKnownFileType = sourcecode.swift; path = QueryManager.swift; sourceTree = "<group>"; };
		DF9FBE0A29293E4B00084694 /* KeychainSpy.swift */ = {isa = PBXFileReference; lastKnownFileType = sourcecode.swift; path = KeychainSpy.swift; sourceTree = "<group>"; };
		DF9FBE0D292BFE7E00084694 /* User.swift */ = {isa = PBXFileReference; lastKnownFileType = sourcecode.swift; path = User.swift; sourceTree = "<group>"; };
		DF9FBE10292BFF0200084694 /* CoreDataClient.swift */ = {isa = PBXFileReference; lastKnownFileType = sourcecode.swift; path = CoreDataClient.swift; sourceTree = "<group>"; };
		DF9FBE13292C0C6300084694 /* CoreDataStack.swift */ = {isa = PBXFileReference; lastKnownFileType = sourcecode.swift; path = CoreDataStack.swift; sourceTree = "<group>"; };
		DF9FBE16292C161D00084694 /* UserDBManager.swift */ = {isa = PBXFileReference; lastKnownFileType = sourcecode.swift; path = UserDBManager.swift; sourceTree = "<group>"; };
		DF9FBE1B292C43FA00084694 /* UserDBManagerTests.swift */ = {isa = PBXFileReference; lastKnownFileType = sourcecode.swift; path = UserDBManagerTests.swift; sourceTree = "<group>"; };
		DF9FBE21292C48EA00084694 /* CoreDataStackFake.swift */ = {isa = PBXFileReference; lastKnownFileType = sourcecode.swift; path = CoreDataStackFake.swift; sourceTree = "<group>"; };
		DF9FBE24292C4CE400084694 /* UserEntityMock.swift */ = {isa = PBXFileReference; lastKnownFileType = sourcecode.swift; path = UserEntityMock.swift; sourceTree = "<group>"; };
		F32CFAB7291933440056E794 /* SalonGo.app */ = {isa = PBXFileReference; explicitFileType = wrapper.application; includeInIndex = 0; path = SalonGo.app; sourceTree = BUILT_PRODUCTS_DIR; };
		F32CFABA291933440056E794 /* AppDelegate.swift */ = {isa = PBXFileReference; lastKnownFileType = sourcecode.swift; path = AppDelegate.swift; sourceTree = "<group>"; };
		F32CFABC291933440056E794 /* SceneDelegate.swift */ = {isa = PBXFileReference; lastKnownFileType = sourcecode.swift; path = SceneDelegate.swift; sourceTree = "<group>"; };
		F32CFABE291933440056E794 /* ViewController.swift */ = {isa = PBXFileReference; lastKnownFileType = sourcecode.swift; path = ViewController.swift; sourceTree = "<group>"; };
		F32CFAC4291933440056E794 /* SalonGo.xcdatamodel */ = {isa = PBXFileReference; lastKnownFileType = wrapper.xcdatamodel; path = SalonGo.xcdatamodel; sourceTree = "<group>"; };
		F32CFAC6291933450056E794 /* Assets.xcassets */ = {isa = PBXFileReference; lastKnownFileType = folder.assetcatalog; path = Assets.xcassets; sourceTree = "<group>"; };
		F32CFAC9291933450056E794 /* Base */ = {isa = PBXFileReference; lastKnownFileType = file.storyboard; name = Base; path = Base.lproj/LaunchScreen.storyboard; sourceTree = "<group>"; };
		F32CFACB291933450056E794 /* Info.plist */ = {isa = PBXFileReference; lastKnownFileType = text.plist.xml; path = Info.plist; sourceTree = "<group>"; };
		F32CFAD0291933450056E794 /* SalonGoTests.xctest */ = {isa = PBXFileReference; explicitFileType = wrapper.cfbundle; includeInIndex = 0; path = SalonGoTests.xctest; sourceTree = BUILT_PRODUCTS_DIR; };
		F899ED9529362761005305EE /* MyAppointmentsViewController.swift */ = {isa = PBXFileReference; lastKnownFileType = sourcecode.swift; path = MyAppointmentsViewController.swift; sourceTree = "<group>"; };
		F899ED9729364D36005305EE /* AppointmentsTableViewCell.swift */ = {isa = PBXFileReference; lastKnownFileType = sourcecode.swift; path = AppointmentsTableViewCell.swift; sourceTree = "<group>"; };
		F899ED9929377CC0005305EE /* ServicesMock.swift */ = {isa = PBXFileReference; lastKnownFileType = sourcecode.swift; path = ServicesMock.swift; sourceTree = "<group>"; };
		F899ED9B2937A244005305EE /* AppointmentDataTableViewCell.swift */ = {isa = PBXFileReference; lastKnownFileType = sourcecode.swift; path = AppointmentDataTableViewCell.swift; sourceTree = "<group>"; };
/* End PBXFileReference section */

/* Begin PBXFrameworksBuildPhase section */
		F32CFAB4291933440056E794 /* Frameworks */ = {
			isa = PBXFrameworksBuildPhase;
			buildActionMask = 2147483647;
			files = (
			);
			runOnlyForDeploymentPostprocessing = 0;
		};
		F32CFACD291933450056E794 /* Frameworks */ = {
			isa = PBXFrameworksBuildPhase;
			buildActionMask = 2147483647;
			files = (
			);
			runOnlyForDeploymentPostprocessing = 0;
		};
/* End PBXFrameworksBuildPhase section */

/* Begin PBXGroup section */
		08E162402934E410000D2105 /* Store */ = {
			isa = PBXGroup;
			children = (
				08E162422934E438000D2105 /* Screen */,
				08E162412934E426000D2105 /* ViewController */,
			);
			path = Store;
			sourceTree = "<group>";
		};
		08E162412934E426000D2105 /* ViewController */ = {
			isa = PBXGroup;
			children = (
				08E162452934E47E000D2105 /* StoreViewController.swift */,
			);
			path = ViewController;
			sourceTree = "<group>";
		};
		08E162422934E438000D2105 /* Screen */ = {
			isa = PBXGroup;
			children = (
				08E162432934E454000D2105 /* StoreScreen.swift */,
			);
			path = Screen;
			sourceTree = "<group>";
		};
		DF18BFD7291AE21300C0570A /* Util */ = {
			isa = PBXGroup;
			children = (
				DF18BFE6291AF63D00C0570A /* Constants */,
			);
			path = Util;
			sourceTree = "<group>";
		};
		DF18BFD8291AE21E00C0570A /* Protocols */ = {
			isa = PBXGroup;
			children = (
				DF18BFD9291AE23100C0570A /* CKEntityProtocol.swift */,
				DF18BFE9291B056400C0570A /* CKStructProtocol.swift */,
				DF18BFED291B0A9300C0570A /* CKContainerProtocol.swift */,
				DF18BFEB291B091600C0570A /* RemoteClient.swift */,
			);
			path = Protocols;
			sourceTree = "<group>";
		};
		DF18BFE6291AF63D00C0570A /* Constants */ = {
			isa = PBXGroup;
			children = (
				DF18BFE7291AF65200C0570A /* EntityFields.swift */,
			);
			path = Constants;
			sourceTree = "<group>";
		};
		DF18BFEF291B0BAD00C0570A /* Helper */ = {
			isa = PBXGroup;
			children = (
				DF18BFF0291B0BBF00C0570A /* CKContainerHelper.swift */,
			);
			path = Helper;
			sourceTree = "<group>";
		};
		DF18BFF2291B2C9300C0570A /* Source */ = {
			isa = PBXGroup;
			children = (
				DF18BFF3291B2CC800C0570A /* Client */,
			);
			path = Source;
			sourceTree = "<group>";
		};
		DF18BFF3291B2CC800C0570A /* Client */ = {
			isa = PBXGroup;
			children = (
				DF9FBE18292C43B800084694 /* CoreData */,
				DF9FBDDC2929217600084694 /* Keychain */,
				DF18BFF4291B2CD000C0570A /* CloudKit */,
			);
			path = Client;
			sourceTree = "<group>";
		};
		DF18BFF4291B2CD000C0570A /* CloudKit */ = {
			isa = PBXGroup;
			children = (
				DF18BFFD291B33CA00C0570A /* Constants */,
				DF18BFF7291B2D2B00C0570A /* TestDoubles */,
				DF18BFF5291B2D0D00C0570A /* CloudKitClientTests.swift */,
			);
			path = CloudKit;
			sourceTree = "<group>";
		};
		DF18BFF7291B2D2B00C0570A /* TestDoubles */ = {
			isa = PBXGroup;
			children = (
				DF18BFF8291B2DC700C0570A /* CloudKitContainerStub.swift */,
			);
			path = TestDoubles;
			sourceTree = "<group>";
		};
		DF18BFFD291B33CA00C0570A /* Constants */ = {
			isa = PBXGroup;
			children = (
				DF18BFFB291B33B400C0570A /* EntityMocks.swift */,
			);
			path = Constants;
			sourceTree = "<group>";
		};
		DF18BFFE291BC99F00C0570A /* CKEntity */ = {
			isa = PBXGroup;
			children = (
				DF18BFFF291BC9BC00C0570A /* AccountEntity.swift */,
				DF18C001291BCA0D00C0570A /* UserEntity.swift */,
				DF18C003291BCABC00C0570A /* ServiceEntity.swift */,
				DF18C005291BCB0A00C0570A /* CompanyEntity.swift */,
				DF18C007291BCB5E00C0570A /* AppointmentEntity.swift */,
				DF18C009291BCC0300C0570A /* RatingEntity.swift */,
			);
			path = CKEntity;
			sourceTree = "<group>";
		};
		DF699E7A291AD24100EF7C78 /* Source */ = {
			isa = PBXGroup;
			children = (
				F899ED912934DFB5005305EE /* Scenes */,
				DF18BFD7291AE21300C0570A /* Util */,
				DF9FBE0C292BFE6200084694 /* Entities */,
				DF699E7E291AD56000EF7C78 /* Client */,
				F32CFABE291933440056E794 /* ViewController.swift */,
			);
			path = Source;
			sourceTree = "<group>";
		};
		DF699E7B291AD24900EF7C78 /* Resource */ = {
			isa = PBXGroup;
			children = (
				F32CFAC6291933450056E794 /* Assets.xcassets */,
			);
			path = Resource;
			sourceTree = "<group>";
		};
		DF699E7C291AD25100EF7C78 /* Application */ = {
			isa = PBXGroup;
			children = (
				F32CFAC8291933450056E794 /* LaunchScreen.storyboard */,
				F32CFABA291933440056E794 /* AppDelegate.swift */,
				F32CFABC291933440056E794 /* SceneDelegate.swift */,
			);
			path = Application;
			sourceTree = "<group>";
		};
		DF699E7E291AD56000EF7C78 /* Client */ = {
			isa = PBXGroup;
			children = (
				DF9FBE0F292BFED900084694 /* CoreData */,
				DF9FBDD62929175F00084694 /* Keychain */,
				DF699E7F291AD57500EF7C78 /* CloudKit */,
			);
			path = Client;
			sourceTree = "<group>";
		};
		DF699E7F291AD57500EF7C78 /* CloudKit */ = {
			isa = PBXGroup;
			children = (
				DF18BFEF291B0BAD00C0570A /* Helper */,
				DF18BFD8291AE21E00C0570A /* Protocols */,
				DF699E82291AD6B000EF7C78 /* CKModel */,
				DF18BFFE291BC99F00C0570A /* CKEntity */,
				DF699E80291AD59200EF7C78 /* CloudKitClient.swift */,
			);
			path = CloudKit;
			sourceTree = "<group>";
		};
		DF699E82291AD6B000EF7C78 /* CKModel */ = {
			isa = PBXGroup;
			children = (
				DF699E83291AD6C400EF7C78 /* CKAccount.swift */,
				DF18BFDC291AE87B00C0570A /* CKUser.swift */,
				DF18BFDE291AE91500C0570A /* CKCompany.swift */,
				DF18BFE0291AE96600C0570A /* CKService.swift */,
				DF18BFE2291AE9C400C0570A /* CKAppointment.swift */,
				DF18BFE4291AEA2E00C0570A /* CKRating.swift */,
			);
			path = CKModel;
			sourceTree = "<group>";
		};
		DF9FBDD62929175F00084694 /* Keychain */ = {
			isa = PBXGroup;
			children = (
				DF9FBE04292936DF00084694 /* Queries */,
				DF9FBE01292931AC00084694 /* LowLevel */,
				DF9FBDFE2929315300084694 /* Protocols */,
				DF9FBDD72929177B00084694 /* KeychainClient.swift */,
			);
			path = Keychain;
			sourceTree = "<group>";
		};
		DF9FBDDC2929217600084694 /* Keychain */ = {
			isa = PBXGroup;
			children = (
				DF9FBE0929293E3800084694 /* TestDoubles */,
				DF9FBDE02929262900084694 /* KeychainClientTests.swift */,
			);
			path = Keychain;
			sourceTree = "<group>";
		};
		DF9FBDFE2929315300084694 /* Protocols */ = {
			isa = PBXGroup;
			children = (
				DF9FBDD929291F3A00084694 /* SafeStorage.swift */,
				DF9FBDFF2929316D00084694 /* KeychainProtocol.swift */,
				DF9FBE022929362B00084694 /* QueryProtocol.swift */,
			);
			path = Protocols;
			sourceTree = "<group>";
		};
		DF9FBE01292931AC00084694 /* LowLevel */ = {
			isa = PBXGroup;
			children = (
				DF9FBDFC2929311A00084694 /* Keychain.swift */,
			);
			path = LowLevel;
			sourceTree = "<group>";
		};
		DF9FBE04292936DF00084694 /* Queries */ = {
			isa = PBXGroup;
			children = (
				DF9FBE05292936FC00084694 /* QueryManager.swift */,
			);
			path = Queries;
			sourceTree = "<group>";
		};
		DF9FBE0929293E3800084694 /* TestDoubles */ = {
			isa = PBXGroup;
			children = (
				DF9FBE0A29293E4B00084694 /* KeychainSpy.swift */,
			);
			path = TestDoubles;
			sourceTree = "<group>";
		};
		DF9FBE0C292BFE6200084694 /* Entities */ = {
			isa = PBXGroup;
			children = (
				DF9FBE0D292BFE7E00084694 /* User.swift */,
			);
			path = Entities;
			sourceTree = "<group>";
		};
		DF9FBE0F292BFED900084694 /* CoreData */ = {
			isa = PBXGroup;
			children = (
				DF9FBE15292C15D000084694 /* Protocols */,
				F32CFAC3291933440056E794 /* SalonGo.xcdatamodeld */,
				DF9FBE13292C0C6300084694 /* CoreDataStack.swift */,
				DF9FBE10292BFF0200084694 /* CoreDataClient.swift */,
			);
			path = CoreData;
			sourceTree = "<group>";
		};
		DF9FBE15292C15D000084694 /* Protocols */ = {
			isa = PBXGroup;
			children = (
				DF9FBE16292C161D00084694 /* UserDBManager.swift */,
			);
			path = Protocols;
			sourceTree = "<group>";
		};
		DF9FBE18292C43B800084694 /* CoreData */ = {
			isa = PBXGroup;
			children = (
				DF9FBE23292C4CBE00084694 /* Constants */,
				DF9FBE19292C43C600084694 /* TestDoubles */,
				DF9FBE1B292C43FA00084694 /* UserDBManagerTests.swift */,
			);
			path = CoreData;
			sourceTree = "<group>";
		};
		DF9FBE19292C43C600084694 /* TestDoubles */ = {
			isa = PBXGroup;
			children = (
				DF9FBE21292C48EA00084694 /* CoreDataStackFake.swift */,
			);
			path = TestDoubles;
			sourceTree = "<group>";
		};
		DF9FBE23292C4CBE00084694 /* Constants */ = {
			isa = PBXGroup;
			children = (
				DF9FBE24292C4CE400084694 /* UserEntityMock.swift */,
			);
			path = Constants;
			sourceTree = "<group>";
		};
		F32CFAAE291933440056E794 = {
			isa = PBXGroup;
			children = (
				F32CFAB9291933440056E794 /* SalonGo */,
				F32CFAD3291933450056E794 /* SalonGoTests */,
				F32CFAB8291933440056E794 /* Products */,
			);
			sourceTree = "<group>";
		};
		F32CFAB8291933440056E794 /* Products */ = {
			isa = PBXGroup;
			children = (
				F32CFAB7291933440056E794 /* SalonGo.app */,
				F32CFAD0291933450056E794 /* SalonGoTests.xctest */,
			);
			name = Products;
			sourceTree = "<group>";
		};
		F32CFAB9291933440056E794 /* SalonGo */ = {
			isa = PBXGroup;
			children = (
				08E162402934E410000D2105 /* Store */,
				DF699E7D291AD2B900EF7C78 /* SalonGo.entitlements */,
				DF699E7C291AD25100EF7C78 /* Application */,
				DF699E7B291AD24900EF7C78 /* Resource */,
				DF699E7A291AD24100EF7C78 /* Source */,
				F32CFACB291933450056E794 /* Info.plist */,
			);
			path = SalonGo;
			sourceTree = "<group>";
		};
		F32CFAD3291933450056E794 /* SalonGoTests */ = {
			isa = PBXGroup;
			children = (
				DF18BFF2291B2C9300C0570A /* Source */,
			);
			path = SalonGoTests;
			sourceTree = "<group>";
		};
		F899ED912934DFB5005305EE /* Scenes */ = {
			isa = PBXGroup;
			children = (
				F899ED922934DFC1005305EE /* Client  */,
			);
			path = Scenes;
			sourceTree = "<group>";
		};
		F899ED922934DFC1005305EE /* Client  */ = {
			isa = PBXGroup;
			children = (
				F899ED9529362761005305EE /* MyAppointmentsViewController.swift */,
				F899ED9729364D36005305EE /* AppointmentsTableViewCell.swift */,
				F899ED9929377CC0005305EE /* ServicesMock.swift */,
				F899ED9B2937A244005305EE /* AppointmentDataTableViewCell.swift */,
			);
			path = "Client ";
			sourceTree = "<group>";
		};
/* End PBXGroup section */

/* Begin PBXNativeTarget section */
		F32CFAB6291933440056E794 /* SalonGo */ = {
			isa = PBXNativeTarget;
			buildConfigurationList = F32CFAE4291933450056E794 /* Build configuration list for PBXNativeTarget "SalonGo" */;
			buildPhases = (
				F32CFAB3291933440056E794 /* Sources */,
				F32CFAB4291933440056E794 /* Frameworks */,
				F32CFAB5291933440056E794 /* Resources */,
				F32CFAED2919431E0056E794 /* ShellScript */,
			);
			buildRules = (
			);
			dependencies = (
			);
			name = SalonGo;
			productName = SalonGo;
			productReference = F32CFAB7291933440056E794 /* SalonGo.app */;
			productType = "com.apple.product-type.application";
		};
		F32CFACF291933450056E794 /* SalonGoTests */ = {
			isa = PBXNativeTarget;
			buildConfigurationList = F32CFAE7291933450056E794 /* Build configuration list for PBXNativeTarget "SalonGoTests" */;
			buildPhases = (
				F32CFACC291933450056E794 /* Sources */,
				F32CFACD291933450056E794 /* Frameworks */,
				F32CFACE291933450056E794 /* Resources */,
			);
			buildRules = (
			);
			dependencies = (
				F32CFAD2291933450056E794 /* PBXTargetDependency */,
			);
			name = SalonGoTests;
			productName = SalonGoTests;
			productReference = F32CFAD0291933450056E794 /* SalonGoTests.xctest */;
			productType = "com.apple.product-type.bundle.unit-test";
		};
/* End PBXNativeTarget section */

/* Begin PBXProject section */
		F32CFAAF291933440056E794 /* Project object */ = {
			isa = PBXProject;
			attributes = {
				BuildIndependentTargetsInParallel = 1;
				LastSwiftUpdateCheck = 1400;
				LastUpgradeCheck = 1410;
				TargetAttributes = {
					F32CFAB6291933440056E794 = {
						CreatedOnToolsVersion = 14.1;
					};
					F32CFACF291933450056E794 = {
						CreatedOnToolsVersion = 14.1;
						LastSwiftMigration = 1400;
						TestTargetID = F32CFAB6291933440056E794;
					};
				};
			};
			buildConfigurationList = F32CFAB2291933440056E794 /* Build configuration list for PBXProject "SalonGo" */;
			compatibilityVersion = "Xcode 14.0";
			developmentRegion = en;
			hasScannedForEncodings = 0;
			knownRegions = (
				en,
				Base,
			);
			mainGroup = F32CFAAE291933440056E794;
			productRefGroup = F32CFAB8291933440056E794 /* Products */;
			projectDirPath = "";
			projectRoot = "";
			targets = (
				F32CFAB6291933440056E794 /* SalonGo */,
				F32CFACF291933450056E794 /* SalonGoTests */,
			);
		};
/* End PBXProject section */

/* Begin PBXResourcesBuildPhase section */
		F32CFAB5291933440056E794 /* Resources */ = {
			isa = PBXResourcesBuildPhase;
			buildActionMask = 2147483647;
			files = (
				F32CFACA291933450056E794 /* LaunchScreen.storyboard in Resources */,
				F32CFAC7291933450056E794 /* Assets.xcassets in Resources */,
			);
			runOnlyForDeploymentPostprocessing = 0;
		};
		F32CFACE291933450056E794 /* Resources */ = {
			isa = PBXResourcesBuildPhase;
			buildActionMask = 2147483647;
			files = (
			);
			runOnlyForDeploymentPostprocessing = 0;
		};
/* End PBXResourcesBuildPhase section */

/* Begin PBXShellScriptBuildPhase section */
		F32CFAED2919431E0056E794 /* ShellScript */ = {
			isa = PBXShellScriptBuildPhase;
			alwaysOutOfDate = 1;
			buildActionMask = 2147483647;
			files = (
			);
			inputFileListPaths = (
			);
			inputPaths = (
			);
			outputFileListPaths = (
			);
			outputPaths = (
			);
			runOnlyForDeploymentPostprocessing = 0;
			shellPath = /bin/sh;
			shellScript = "export PATH=\"$PATH:/opt/homebrew/bin\"\nif which swiftlint > /dev/null; then\n  swiftlint\nelse\n  echo \"warning: SwiftLint not installed, download from https://github.com/realm/SwiftLint\"\nfi\n";
		};
/* End PBXShellScriptBuildPhase section */

/* Begin PBXSourcesBuildPhase section */
		F32CFAB3291933440056E794 /* Sources */ = {
			isa = PBXSourcesBuildPhase;
			buildActionMask = 2147483647;
			files = (
				DF18C006291BCB0A00C0570A /* CompanyEntity.swift in Sources */,
				DF18BFE5291AEA2E00C0570A /* CKRating.swift in Sources */,
				DF18BFEC291B091600C0570A /* RemoteClient.swift in Sources */,
				DF18C002291BCA0D00C0570A /* UserEntity.swift in Sources */,
				F32CFABF291933440056E794 /* ViewController.swift in Sources */,
				DF699E81291AD59200EF7C78 /* CloudKitClient.swift in Sources */,
				DF9FBE032929362B00084694 /* QueryProtocol.swift in Sources */,
				F899ED9629362761005305EE /* MyAppointmentsViewController.swift in Sources */,
				DF9FBE14292C0C6300084694 /* CoreDataStack.swift in Sources */,
				DF18BFF1291B0BBF00C0570A /* CKContainerHelper.swift in Sources */,
				DF9FBE0E292BFE7E00084694 /* User.swift in Sources */,
				F899ED9829364D36005305EE /* AppointmentsTableViewCell.swift in Sources */,
				DF9FBE17292C161D00084694 /* UserDBManager.swift in Sources */,
				DF9FBE002929316D00084694 /* KeychainProtocol.swift in Sources */,
				DF18BFE8291AF65200C0570A /* EntityFields.swift in Sources */,
				DF18BFEA291B056400C0570A /* CKStructProtocol.swift in Sources */,
				DF18BFE3291AE9C400C0570A /* CKAppointment.swift in Sources */,
				DF18C000291BC9BC00C0570A /* AccountEntity.swift in Sources */,
				DF18BFDF291AE91500C0570A /* CKCompany.swift in Sources */,
				F32CFABB291933440056E794 /* AppDelegate.swift in Sources */,
				DF18C008291BCB5E00C0570A /* AppointmentEntity.swift in Sources */,
				DF18C004291BCABC00C0570A /* ServiceEntity.swift in Sources */,
				08E162462934E47E000D2105 /* StoreViewController.swift in Sources */,
				DF9FBDFD2929311A00084694 /* Keychain.swift in Sources */,
				F32CFABD291933440056E794 /* SceneDelegate.swift in Sources */,
				DF9FBE11292BFF0200084694 /* CoreDataClient.swift in Sources */,
				F32CFAC5291933440056E794 /* SalonGo.xcdatamodeld in Sources */,
				DF18BFDD291AE87B00C0570A /* CKUser.swift in Sources */,
				DF9FBDD82929177B00084694 /* KeychainClient.swift in Sources */,
				DF18BFE1291AE96600C0570A /* CKService.swift in Sources */,
				F899ED9C2937A244005305EE /* AppointmentDataTableViewCell.swift in Sources */,
				08E162442934E454000D2105 /* StoreScreen.swift in Sources */,
				DF9FBE06292936FC00084694 /* QueryManager.swift in Sources */,
				DF9FBDDA29291F3A00084694 /* SafeStorage.swift in Sources */,
				DF18BFEE291B0A9300C0570A /* CKContainerProtocol.swift in Sources */,
				DF18C00A291BCC0300C0570A /* RatingEntity.swift in Sources */,
				DF18BFDA291AE23100C0570A /* CKEntityProtocol.swift in Sources */,
				F899ED9A29377CC0005305EE /* ServicesMock.swift in Sources */,
				DF699E84291AD6C400EF7C78 /* CKAccount.swift in Sources */,
			);
			runOnlyForDeploymentPostprocessing = 0;
		};
		F32CFACC291933450056E794 /* Sources */ = {
			isa = PBXSourcesBuildPhase;
			buildActionMask = 2147483647;
			files = (
				DF18BFF9291B2DC700C0570A /* CloudKitContainerStub.swift in Sources */,
				DF9FBE0B29293E4B00084694 /* KeychainSpy.swift in Sources */,
				DF18BFF6291B2D0D00C0570A /* CloudKitClientTests.swift in Sources */,
				DF9FBE1C292C43FA00084694 /* UserDBManagerTests.swift in Sources */,
				DF9FBE22292C48EA00084694 /* CoreDataStackFake.swift in Sources */,
				DF9FBE25292C4CE400084694 /* UserEntityMock.swift in Sources */,
				DF9FBDE12929262900084694 /* KeychainClientTests.swift in Sources */,
				DF18BFFC291B33B400C0570A /* EntityMocks.swift in Sources */,
			);
			runOnlyForDeploymentPostprocessing = 0;
		};
/* End PBXSourcesBuildPhase section */

/* Begin PBXTargetDependency section */
		F32CFAD2291933450056E794 /* PBXTargetDependency */ = {
			isa = PBXTargetDependency;
			target = F32CFAB6291933440056E794 /* SalonGo */;
			targetProxy = F32CFAD1291933450056E794 /* PBXContainerItemProxy */;
		};
/* End PBXTargetDependency section */

/* Begin PBXVariantGroup section */
		F32CFAC8291933450056E794 /* LaunchScreen.storyboard */ = {
			isa = PBXVariantGroup;
			children = (
				F32CFAC9291933450056E794 /* Base */,
			);
			name = LaunchScreen.storyboard;
			sourceTree = "<group>";
		};
/* End PBXVariantGroup section */

/* Begin XCBuildConfiguration section */
		F32CFAE2291933450056E794 /* Debug */ = {
			isa = XCBuildConfiguration;
			buildSettings = {
				ALWAYS_SEARCH_USER_PATHS = NO;
				CLANG_ANALYZER_NONNULL = YES;
				CLANG_ANALYZER_NUMBER_OBJECT_CONVERSION = YES_AGGRESSIVE;
				CLANG_CXX_LANGUAGE_STANDARD = "gnu++20";
				CLANG_ENABLE_MODULES = YES;
				CLANG_ENABLE_OBJC_ARC = YES;
				CLANG_ENABLE_OBJC_WEAK = YES;
				CLANG_WARN_BLOCK_CAPTURE_AUTORELEASING = YES;
				CLANG_WARN_BOOL_CONVERSION = YES;
				CLANG_WARN_COMMA = YES;
				CLANG_WARN_CONSTANT_CONVERSION = YES;
				CLANG_WARN_DEPRECATED_OBJC_IMPLEMENTATIONS = YES;
				CLANG_WARN_DIRECT_OBJC_ISA_USAGE = YES_ERROR;
				CLANG_WARN_DOCUMENTATION_COMMENTS = YES;
				CLANG_WARN_EMPTY_BODY = YES;
				CLANG_WARN_ENUM_CONVERSION = YES;
				CLANG_WARN_INFINITE_RECURSION = YES;
				CLANG_WARN_INT_CONVERSION = YES;
				CLANG_WARN_NON_LITERAL_NULL_CONVERSION = YES;
				CLANG_WARN_OBJC_IMPLICIT_RETAIN_SELF = YES;
				CLANG_WARN_OBJC_LITERAL_CONVERSION = YES;
				CLANG_WARN_OBJC_ROOT_CLASS = YES_ERROR;
				CLANG_WARN_QUOTED_INCLUDE_IN_FRAMEWORK_HEADER = YES;
				CLANG_WARN_RANGE_LOOP_ANALYSIS = YES;
				CLANG_WARN_STRICT_PROTOTYPES = YES;
				CLANG_WARN_SUSPICIOUS_MOVE = YES;
				CLANG_WARN_UNGUARDED_AVAILABILITY = YES_AGGRESSIVE;
				CLANG_WARN_UNREACHABLE_CODE = YES;
				CLANG_WARN__DUPLICATE_METHOD_MATCH = YES;
				COPY_PHASE_STRIP = NO;
				DEBUG_INFORMATION_FORMAT = dwarf;
				ENABLE_STRICT_OBJC_MSGSEND = YES;
				ENABLE_TESTABILITY = YES;
				GCC_C_LANGUAGE_STANDARD = gnu11;
				GCC_DYNAMIC_NO_PIC = NO;
				GCC_NO_COMMON_BLOCKS = YES;
				GCC_OPTIMIZATION_LEVEL = 0;
				GCC_PREPROCESSOR_DEFINITIONS = (
					"DEBUG=1",
					"$(inherited)",
				);
				GCC_WARN_64_TO_32_BIT_CONVERSION = YES;
				GCC_WARN_ABOUT_RETURN_TYPE = YES_ERROR;
				GCC_WARN_UNDECLARED_SELECTOR = YES;
				GCC_WARN_UNINITIALIZED_AUTOS = YES_AGGRESSIVE;
				GCC_WARN_UNUSED_FUNCTION = YES;
				GCC_WARN_UNUSED_VARIABLE = YES;
				IPHONEOS_DEPLOYMENT_TARGET = 16.1;
				MTL_ENABLE_DEBUG_INFO = INCLUDE_SOURCE;
				MTL_FAST_MATH = YES;
				ONLY_ACTIVE_ARCH = YES;
				SDKROOT = iphoneos;
				SWIFT_ACTIVE_COMPILATION_CONDITIONS = DEBUG;
				SWIFT_OPTIMIZATION_LEVEL = "-Onone";
			};
			name = Debug;
		};
		F32CFAE3291933450056E794 /* Release */ = {
			isa = XCBuildConfiguration;
			buildSettings = {
				ALWAYS_SEARCH_USER_PATHS = NO;
				CLANG_ANALYZER_NONNULL = YES;
				CLANG_ANALYZER_NUMBER_OBJECT_CONVERSION = YES_AGGRESSIVE;
				CLANG_CXX_LANGUAGE_STANDARD = "gnu++20";
				CLANG_ENABLE_MODULES = YES;
				CLANG_ENABLE_OBJC_ARC = YES;
				CLANG_ENABLE_OBJC_WEAK = YES;
				CLANG_WARN_BLOCK_CAPTURE_AUTORELEASING = YES;
				CLANG_WARN_BOOL_CONVERSION = YES;
				CLANG_WARN_COMMA = YES;
				CLANG_WARN_CONSTANT_CONVERSION = YES;
				CLANG_WARN_DEPRECATED_OBJC_IMPLEMENTATIONS = YES;
				CLANG_WARN_DIRECT_OBJC_ISA_USAGE = YES_ERROR;
				CLANG_WARN_DOCUMENTATION_COMMENTS = YES;
				CLANG_WARN_EMPTY_BODY = YES;
				CLANG_WARN_ENUM_CONVERSION = YES;
				CLANG_WARN_INFINITE_RECURSION = YES;
				CLANG_WARN_INT_CONVERSION = YES;
				CLANG_WARN_NON_LITERAL_NULL_CONVERSION = YES;
				CLANG_WARN_OBJC_IMPLICIT_RETAIN_SELF = YES;
				CLANG_WARN_OBJC_LITERAL_CONVERSION = YES;
				CLANG_WARN_OBJC_ROOT_CLASS = YES_ERROR;
				CLANG_WARN_QUOTED_INCLUDE_IN_FRAMEWORK_HEADER = YES;
				CLANG_WARN_RANGE_LOOP_ANALYSIS = YES;
				CLANG_WARN_STRICT_PROTOTYPES = YES;
				CLANG_WARN_SUSPICIOUS_MOVE = YES;
				CLANG_WARN_UNGUARDED_AVAILABILITY = YES_AGGRESSIVE;
				CLANG_WARN_UNREACHABLE_CODE = YES;
				CLANG_WARN__DUPLICATE_METHOD_MATCH = YES;
				COPY_PHASE_STRIP = NO;
				DEBUG_INFORMATION_FORMAT = "dwarf-with-dsym";
				ENABLE_NS_ASSERTIONS = NO;
				ENABLE_STRICT_OBJC_MSGSEND = YES;
				GCC_C_LANGUAGE_STANDARD = gnu11;
				GCC_NO_COMMON_BLOCKS = YES;
				GCC_WARN_64_TO_32_BIT_CONVERSION = YES;
				GCC_WARN_ABOUT_RETURN_TYPE = YES_ERROR;
				GCC_WARN_UNDECLARED_SELECTOR = YES;
				GCC_WARN_UNINITIALIZED_AUTOS = YES_AGGRESSIVE;
				GCC_WARN_UNUSED_FUNCTION = YES;
				GCC_WARN_UNUSED_VARIABLE = YES;
				IPHONEOS_DEPLOYMENT_TARGET = 16.1;
				MTL_ENABLE_DEBUG_INFO = NO;
				MTL_FAST_MATH = YES;
				SDKROOT = iphoneos;
				SWIFT_COMPILATION_MODE = wholemodule;
				SWIFT_OPTIMIZATION_LEVEL = "-O";
				VALIDATE_PRODUCT = YES;
			};
			name = Release;
		};
		F32CFAE5291933450056E794 /* Debug */ = {
			isa = XCBuildConfiguration;
			buildSettings = {
				ASSETCATALOG_COMPILER_APPICON_NAME = AppIcon;
				ASSETCATALOG_COMPILER_GLOBAL_ACCENT_COLOR_NAME = AccentColor;
				CODE_SIGN_ENTITLEMENTS = SalonGo/SalonGo.entitlements;
				CODE_SIGN_STYLE = Automatic;
				CURRENT_PROJECT_VERSION = 1;
				DEVELOPMENT_TEAM = 3PC4MSN8T7;
				GENERATE_INFOPLIST_FILE = YES;
				INFOPLIST_FILE = SalonGo/Info.plist;
				INFOPLIST_KEY_UIApplicationSupportsIndirectInputEvents = YES;
				INFOPLIST_KEY_UILaunchStoryboardName = LaunchScreen;
				INFOPLIST_KEY_UISupportedInterfaceOrientations_iPad = "UIInterfaceOrientationPortrait UIInterfaceOrientationPortraitUpsideDown UIInterfaceOrientationLandscapeLeft UIInterfaceOrientationLandscapeRight";
				INFOPLIST_KEY_UISupportedInterfaceOrientations_iPhone = "UIInterfaceOrientationPortrait UIInterfaceOrientationLandscapeLeft UIInterfaceOrientationLandscapeRight";
				IPHONEOS_DEPLOYMENT_TARGET = 16.0;
				LD_RUNPATH_SEARCH_PATHS = (
					"$(inherited)",
					"@executable_path/Frameworks",
				);
				MARKETING_VERSION = 1.0;
				PRODUCT_BUNDLE_IDENTIFIER = com.quarteto.SalonGo;
				PRODUCT_NAME = "$(TARGET_NAME)";
				SWIFT_EMIT_LOC_STRINGS = YES;
				SWIFT_VERSION = 5.0;
				TARGETED_DEVICE_FAMILY = "1,2";
			};
			name = Debug;
		};
		F32CFAE6291933450056E794 /* Release */ = {
			isa = XCBuildConfiguration;
			buildSettings = {
				ASSETCATALOG_COMPILER_APPICON_NAME = AppIcon;
				ASSETCATALOG_COMPILER_GLOBAL_ACCENT_COLOR_NAME = AccentColor;
				CODE_SIGN_ENTITLEMENTS = SalonGo/SalonGo.entitlements;
				CODE_SIGN_STYLE = Automatic;
				CURRENT_PROJECT_VERSION = 1;
				DEVELOPMENT_TEAM = 3PC4MSN8T7;
				GENERATE_INFOPLIST_FILE = YES;
				INFOPLIST_FILE = SalonGo/Info.plist;
				INFOPLIST_KEY_UIApplicationSupportsIndirectInputEvents = YES;
				INFOPLIST_KEY_UILaunchStoryboardName = LaunchScreen;
				INFOPLIST_KEY_UISupportedInterfaceOrientations_iPad = "UIInterfaceOrientationPortrait UIInterfaceOrientationPortraitUpsideDown UIInterfaceOrientationLandscapeLeft UIInterfaceOrientationLandscapeRight";
				INFOPLIST_KEY_UISupportedInterfaceOrientations_iPhone = "UIInterfaceOrientationPortrait UIInterfaceOrientationLandscapeLeft UIInterfaceOrientationLandscapeRight";
				IPHONEOS_DEPLOYMENT_TARGET = 16.0;
				LD_RUNPATH_SEARCH_PATHS = (
					"$(inherited)",
					"@executable_path/Frameworks",
				);
				MARKETING_VERSION = 1.0;
				PRODUCT_BUNDLE_IDENTIFIER = com.quarteto.SalonGo;
				PRODUCT_NAME = "$(TARGET_NAME)";
				SWIFT_EMIT_LOC_STRINGS = YES;
				SWIFT_VERSION = 5.0;
				TARGETED_DEVICE_FAMILY = "1,2";
			};
			name = Release;
		};
		F32CFAE8291933450056E794 /* Debug */ = {
			isa = XCBuildConfiguration;
			buildSettings = {
				BUNDLE_LOADER = "$(TEST_HOST)";
				CLANG_ENABLE_MODULES = YES;
				CODE_SIGN_STYLE = Automatic;
				CURRENT_PROJECT_VERSION = 1;
				DEVELOPMENT_TEAM = 3PC4MSN8T7;
				GENERATE_INFOPLIST_FILE = YES;
				IPHONEOS_DEPLOYMENT_TARGET = 16.0;
				LD_RUNPATH_SEARCH_PATHS = (
					"$(inherited)",
					"@executable_path/Frameworks",
					"@loader_path/Frameworks",
				);
				MARKETING_VERSION = 1.0;
				PRODUCT_BUNDLE_IDENTIFIER = com.quarteto.SalonGoTests;
				PRODUCT_NAME = "$(TARGET_NAME)";
				SWIFT_EMIT_LOC_STRINGS = NO;
				SWIFT_OPTIMIZATION_LEVEL = "-Onone";
				SWIFT_VERSION = 5.0;
				TARGETED_DEVICE_FAMILY = "1,2";
				TEST_HOST = "$(BUILT_PRODUCTS_DIR)/SalonGo.app/$(BUNDLE_EXECUTABLE_FOLDER_PATH)/SalonGo";
			};
			name = Debug;
		};
		F32CFAE9291933450056E794 /* Release */ = {
			isa = XCBuildConfiguration;
			buildSettings = {
				BUNDLE_LOADER = "$(TEST_HOST)";
				CLANG_ENABLE_MODULES = YES;
				CODE_SIGN_STYLE = Automatic;
				CURRENT_PROJECT_VERSION = 1;
				DEVELOPMENT_TEAM = 3PC4MSN8T7;
				GENERATE_INFOPLIST_FILE = YES;
				IPHONEOS_DEPLOYMENT_TARGET = 16.0;
				LD_RUNPATH_SEARCH_PATHS = (
					"$(inherited)",
					"@executable_path/Frameworks",
					"@loader_path/Frameworks",
				);
				MARKETING_VERSION = 1.0;
				PRODUCT_BUNDLE_IDENTIFIER = com.quarteto.SalonGoTests;
				PRODUCT_NAME = "$(TARGET_NAME)";
				SWIFT_EMIT_LOC_STRINGS = NO;
				SWIFT_VERSION = 5.0;
				TARGETED_DEVICE_FAMILY = "1,2";
				TEST_HOST = "$(BUILT_PRODUCTS_DIR)/SalonGo.app/$(BUNDLE_EXECUTABLE_FOLDER_PATH)/SalonGo";
			};
			name = Release;
		};
/* End XCBuildConfiguration section */

/* Begin XCConfigurationList section */
		F32CFAB2291933440056E794 /* Build configuration list for PBXProject "SalonGo" */ = {
			isa = XCConfigurationList;
			buildConfigurations = (
				F32CFAE2291933450056E794 /* Debug */,
				F32CFAE3291933450056E794 /* Release */,
			);
			defaultConfigurationIsVisible = 0;
			defaultConfigurationName = Release;
		};
		F32CFAE4291933450056E794 /* Build configuration list for PBXNativeTarget "SalonGo" */ = {
			isa = XCConfigurationList;
			buildConfigurations = (
				F32CFAE5291933450056E794 /* Debug */,
				F32CFAE6291933450056E794 /* Release */,
			);
			defaultConfigurationIsVisible = 0;
			defaultConfigurationName = Release;
		};
		F32CFAE7291933450056E794 /* Build configuration list for PBXNativeTarget "SalonGoTests" */ = {
			isa = XCConfigurationList;
			buildConfigurations = (
				F32CFAE8291933450056E794 /* Debug */,
				F32CFAE9291933450056E794 /* Release */,
			);
			defaultConfigurationIsVisible = 0;
			defaultConfigurationName = Release;
		};
/* End XCConfigurationList section */

/* Begin XCVersionGroup section */
		F32CFAC3291933440056E794 /* SalonGo.xcdatamodeld */ = {
			isa = XCVersionGroup;
			children = (
				F32CFAC4291933440056E794 /* SalonGo.xcdatamodel */,
			);
			currentVersion = F32CFAC4291933440056E794 /* SalonGo.xcdatamodel */;
			path = SalonGo.xcdatamodeld;
			sourceTree = "<group>";
			versionGroupType = wrapper.xcdatamodel;
		};
/* End XCVersionGroup section */
	};
	rootObject = F32CFAAF291933440056E794 /* Project object */;
}
