// !$*UTF8*$!
{
	archiveVersion = 1;
	classes = {
	};
	objectVersion = 56;
	objects = {

/* Begin PBXBuildFile section */
		F32CFABB291933440056E794 /* AppDelegate.swift in Sources */ = {isa = PBXBuildFile; fileRef = F32CFABA291933440056E794 /* AppDelegate.swift */; };
		F32CFABD291933440056E794 /* SceneDelegate.swift in Sources */ = {isa = PBXBuildFile; fileRef = F32CFABC291933440056E794 /* SceneDelegate.swift */; };
		F32CFABF291933440056E794 /* ViewController.swift in Sources */ = {isa = PBXBuildFile; fileRef = F32CFABE291933440056E794 /* ViewController.swift */; };
		F32CFAC5291933440056E794 /* SalonGo.xcdatamodeld in Sources */ = {isa = PBXBuildFile; fileRef = F32CFAC3291933440056E794 /* SalonGo.xcdatamodeld */; };
		F32CFAC7291933450056E794 /* Assets.xcassets in Resources */ = {isa = PBXBuildFile; fileRef = F32CFAC6291933450056E794 /* Assets.xcassets */; };
		F32CFACA291933450056E794 /* LaunchScreen.storyboard in Resources */ = {isa = PBXBuildFile; fileRef = F32CFAC8291933450056E794 /* LaunchScreen.storyboard */; };
		F32CFAD5291933450056E794 /* SalonGoTests.swift in Sources */ = {isa = PBXBuildFile; fileRef = F32CFAD4291933450056E794 /* SalonGoTests.swift */; };
		F32CFADF291933450056E794 /* SalonGoUITests.swift in Sources */ = {isa = PBXBuildFile; fileRef = F32CFADE291933450056E794 /* SalonGoUITests.swift */; };
		F32CFAE1291933450056E794 /* SalonGoUITestsLaunchTests.swift in Sources */ = {isa = PBXBuildFile; fileRef = F32CFAE0291933450056E794 /* SalonGoUITestsLaunchTests.swift */; };
/* End PBXBuildFile section */

/* Begin PBXContainerItemProxy section */
		F32CFAD1291933450056E794 /* PBXContainerItemProxy */ = {
			isa = PBXContainerItemProxy;
			containerPortal = F32CFAAF291933440056E794 /* Project object */;
			proxyType = 1;
			remoteGlobalIDString = F32CFAB6291933440056E794;
			remoteInfo = SalonGo;
		};
		F32CFADB291933450056E794 /* PBXContainerItemProxy */ = {
			isa = PBXContainerItemProxy;
			containerPortal = F32CFAAF291933440056E794 /* Project object */;
			proxyType = 1;
			remoteGlobalIDString = F32CFAB6291933440056E794;
			remoteInfo = SalonGo;
		};
/* End PBXContainerItemProxy section */

/* Begin PBXFileReference section */
		F32CFAB7291933440056E794 /* SalonGo.app */ = {isa = PBXFileReference; explicitFileType = wrapper.application; includeInIndex = 0; path = SalonGo.app; sourceTree = BUILT_PRODUCTS_DIR; };
		F32CFABA291933440056E794 /* AppDelegate.swift */ = {isa = PBXFileReference; lastKnownFileType = sourcecode.swift; path = AppDelegate.swift; sourceTree = "<group>"; };
		F32CFABC291933440056E794 /* SceneDelegate.swift */ = {isa = PBXFileReference; lastKnownFileType = sourcecode.swift; path = SceneDelegate.swift; sourceTree = "<group>"; };
		F32CFABE291933440056E794 /* ViewController.swift */ = {isa = PBXFileReference; lastKnownFileType = sourcecode.swift; path = ViewController.swift; sourceTree = "<group>"; };
		F32CFAC4291933440056E794 /* SalonGo.xcdatamodel */ = {isa = PBXFileReference; lastKnownFileType = wrapper.xcdatamodel; path = SalonGo.xcdatamodel; sourceTree = "<group>"; };
		F32CFAC6291933450056E794 /* Assets.xcassets */ = {isa = PBXFileReference; lastKnownFileType = folder.assetcatalog; path = Assets.xcassets; sourceTree = "<group>"; };
		F32CFAC9291933450056E794 /* Base */ = {isa = PBXFileReference; lastKnownFileType = file.storyboard; name = Base; path = Base.lproj/LaunchScreen.storyboard; sourceTree = "<group>"; };
		F32CFACB291933450056E794 /* Info.plist */ = {isa = PBXFileReference; lastKnownFileType = text.plist.xml; path = Info.plist; sourceTree = "<group>"; };
		F32CFAD0291933450056E794 /* SalonGoTests.xctest */ = {isa = PBXFileReference; explicitFileType = wrapper.cfbundle; includeInIndex = 0; path = SalonGoTests.xctest; sourceTree = BUILT_PRODUCTS_DIR; };
		F32CFAD4291933450056E794 /* SalonGoTests.swift */ = {isa = PBXFileReference; lastKnownFileType = sourcecode.swift; path = SalonGoTests.swift; sourceTree = "<group>"; };
		F32CFADA291933450056E794 /* SalonGoUITests.xctest */ = {isa = PBXFileReference; explicitFileType = wrapper.cfbundle; includeInIndex = 0; path = SalonGoUITests.xctest; sourceTree = BUILT_PRODUCTS_DIR; };
		F32CFADE291933450056E794 /* SalonGoUITests.swift */ = {isa = PBXFileReference; lastKnownFileType = sourcecode.swift; path = SalonGoUITests.swift; sourceTree = "<group>"; };
		F32CFAE0291933450056E794 /* SalonGoUITestsLaunchTests.swift */ = {isa = PBXFileReference; lastKnownFileType = sourcecode.swift; path = SalonGoUITestsLaunchTests.swift; sourceTree = "<group>"; };
/* End PBXFileReference section */

/* Begin PBXFrameworksBuildPhase section */
		F32CFAB4291933440056E794 /* Frameworks */ = {
			isa = PBXFrameworksBuildPhase;
			buildActionMask = 2147483647;
			files = (
			);
			runOnlyForDeploymentPostprocessing = 0;
		};
		F32CFACD291933450056E794 /* Frameworks */ = {
			isa = PBXFrameworksBuildPhase;
			buildActionMask = 2147483647;
			files = (
			);
			runOnlyForDeploymentPostprocessing = 0;
		};
		F32CFAD7291933450056E794 /* Frameworks */ = {
			isa = PBXFrameworksBuildPhase;
			buildActionMask = 2147483647;
			files = (
			);
			runOnlyForDeploymentPostprocessing = 0;
		};
/* End PBXFrameworksBuildPhase section */

/* Begin PBXGroup section */
		F32CFAAE291933440056E794 = {
			isa = PBXGroup;
			children = (
				F32CFAB9291933440056E794 /* SalonGo */,
				F32CFAD3291933450056E794 /* SalonGoTests */,
				F32CFADD291933450056E794 /* SalonGoUITests */,
				F32CFAB8291933440056E794 /* Products */,
			);
			sourceTree = "<group>";
		};
		F32CFAB8291933440056E794 /* Products */ = {
			isa = PBXGroup;
			children = (
				F32CFAB7291933440056E794 /* SalonGo.app */,
				F32CFAD0291933450056E794 /* SalonGoTests.xctest */,
				F32CFADA291933450056E794 /* SalonGoUITests.xctest */,
			);
			name = Products;
			sourceTree = "<group>";
		};
		F32CFAB9291933440056E794 /* SalonGo */ = {
			isa = PBXGroup;
			children = (
				F32CFABA291933440056E794 /* AppDelegate.swift */,
				F32CFABC291933440056E794 /* SceneDelegate.swift */,
				F32CFABE291933440056E794 /* ViewController.swift */,
				F32CFAC6291933450056E794 /* Assets.xcassets */,
				F32CFAC8291933450056E794 /* LaunchScreen.storyboard */,
				F32CFACB291933450056E794 /* Info.plist */,
				F32CFAC3291933440056E794 /* SalonGo.xcdatamodeld */,
			);
			path = SalonGo;
			sourceTree = "<group>";
		};
		F32CFAD3291933450056E794 /* SalonGoTests */ = {
			isa = PBXGroup;
			children = (
				F32CFAD4291933450056E794 /* SalonGoTests.swift */,
			);
			path = SalonGoTests;
			sourceTree = "<group>";
		};
		F32CFADD291933450056E794 /* SalonGoUITests */ = {
			isa = PBXGroup;
			children = (
				F32CFADE291933450056E794 /* SalonGoUITests.swift */,
				F32CFAE0291933450056E794 /* SalonGoUITestsLaunchTests.swift */,
			);
			path = SalonGoUITests;
			sourceTree = "<group>";
		};
/* End PBXGroup section */

/* Begin PBXNativeTarget section */
		F32CFAB6291933440056E794 /* SalonGo */ = {
			isa = PBXNativeTarget;
			buildConfigurationList = F32CFAE4291933450056E794 /* Build configuration list for PBXNativeTarget "SalonGo" */;
			buildPhases = (
				F32CFAB3291933440056E794 /* Sources */,
				F32CFAB4291933440056E794 /* Frameworks */,
				F32CFAB5291933440056E794 /* Resources */,
				F32CFAED2919431E0056E794 /* ShellScript */,
			);
			buildRules = (
			);
			dependencies = (
			);
			name = SalonGo;
			productName = SalonGo;
			productReference = F32CFAB7291933440056E794 /* SalonGo.app */;
			productType = "com.apple.product-type.application";
		};
		F32CFACF291933450056E794 /* SalonGoTests */ = {
			isa = PBXNativeTarget;
			buildConfigurationList = F32CFAE7291933450056E794 /* Build configuration list for PBXNativeTarget "SalonGoTests" */;
			buildPhases = (
				F32CFACC291933450056E794 /* Sources */,
				F32CFACD291933450056E794 /* Frameworks */,
				F32CFACE291933450056E794 /* Resources */,
			);
			buildRules = (
			);
			dependencies = (
				F32CFAD2291933450056E794 /* PBXTargetDependency */,
			);
			name = SalonGoTests;
			productName = SalonGoTests;
			productReference = F32CFAD0291933450056E794 /* SalonGoTests.xctest */;
			productType = "com.apple.product-type.bundle.unit-test";
		};
		F32CFAD9291933450056E794 /* SalonGoUITests */ = {
			isa = PBXNativeTarget;
			buildConfigurationList = F32CFAEA291933450056E794 /* Build configuration list for PBXNativeTarget "SalonGoUITests" */;
			buildPhases = (
				F32CFAD6291933450056E794 /* Sources */,
				F32CFAD7291933450056E794 /* Frameworks */,
				F32CFAD8291933450056E794 /* Resources */,
			);
			buildRules = (
			);
			dependencies = (
				F32CFADC291933450056E794 /* PBXTargetDependency */,
			);
			name = SalonGoUITests;
			productName = SalonGoUITests;
			productReference = F32CFADA291933450056E794 /* SalonGoUITests.xctest */;
			productType = "com.apple.product-type.bundle.ui-testing";
		};
/* End PBXNativeTarget section */

/* Begin PBXProject section */
		F32CFAAF291933440056E794 /* Project object */ = {
			isa = PBXProject;
			attributes = {
				BuildIndependentTargetsInParallel = 1;
				LastSwiftUpdateCheck = 1410;
				LastUpgradeCheck = 1410;
				TargetAttributes = {
					F32CFAB6291933440056E794 = {
						CreatedOnToolsVersion = 14.1;
					};
					F32CFACF291933450056E794 = {
						CreatedOnToolsVersion = 14.1;
						TestTargetID = F32CFAB6291933440056E794;
					};
					F32CFAD9291933450056E794 = {
						CreatedOnToolsVersion = 14.1;
						TestTargetID = F32CFAB6291933440056E794;
					};
				};
			};
			buildConfigurationList = F32CFAB2291933440056E794 /* Build configuration list for PBXProject "SalonGo" */;
			compatibilityVersion = "Xcode 14.0";
			developmentRegion = en;
			hasScannedForEncodings = 0;
			knownRegions = (
				en,
				Base,
			);
			mainGroup = F32CFAAE291933440056E794;
			productRefGroup = F32CFAB8291933440056E794 /* Products */;
			projectDirPath = "";
			projectRoot = "";
			targets = (
				F32CFAB6291933440056E794 /* SalonGo */,
				F32CFACF291933450056E794 /* SalonGoTests */,
				F32CFAD9291933450056E794 /* SalonGoUITests */,
			);
		};
/* End PBXProject section */

/* Begin PBXResourcesBuildPhase section */
		F32CFAB5291933440056E794 /* Resources */ = {
			isa = PBXResourcesBuildPhase;
			buildActionMask = 2147483647;
			files = (
				F32CFACA291933450056E794 /* LaunchScreen.storyboard in Resources */,
				F32CFAC7291933450056E794 /* Assets.xcassets in Resources */,
			);
			runOnlyForDeploymentPostprocessing = 0;
		};
		F32CFACE291933450056E794 /* Resources */ = {
			isa = PBXResourcesBuildPhase;
			buildActionMask = 2147483647;
			files = (
			);
			runOnlyForDeploymentPostprocessing = 0;
		};
		F32CFAD8291933450056E794 /* Resources */ = {
			isa = PBXResourcesBuildPhase;
			buildActionMask = 2147483647;
			files = (
			);
			runOnlyForDeploymentPostprocessing = 0;
		};
/* End PBXResourcesBuildPhase section */

/* Begin PBXShellScriptBuildPhase section */
		F32CFAED2919431E0056E794 /* ShellScript */ = {
			isa = PBXShellScriptBuildPhase;
			alwaysOutOfDate = 1;
			buildActionMask = 2147483647;
			files = (
			);
			inputFileListPaths = (
			);
			inputPaths = (
			);
			outputFileListPaths = (
			);
			outputPaths = (
			);
			runOnlyForDeploymentPostprocessing = 0;
			shellPath = /bin/sh;
			shellScript = "export PATH=\"$PATH:/opt/homebrew/bin\"\nif which swiftlint > /dev/null; then\n  swiftlint\nelse\n  echo \"warning: SwiftLint not installed, download from https://github.com/realm/SwiftLint\"\nfi\n";
		};
/* End PBXShellScriptBuildPhase section */

/* Begin PBXSourcesBuildPhase section */
		F32CFAB3291933440056E794 /* Sources */ = {
			isa = PBXSourcesBuildPhase;
			buildActionMask = 2147483647;
			files = (
				F32CFABF291933440056E794 /* ViewController.swift in Sources */,
				F32CFABB291933440056E794 /* AppDelegate.swift in Sources */,
				F32CFABD291933440056E794 /* SceneDelegate.swift in Sources */,
				F32CFAC5291933440056E794 /* SalonGo.xcdatamodeld in Sources */,
			);
			runOnlyForDeploymentPostprocessing = 0;
		};
		F32CFACC291933450056E794 /* Sources */ = {
			isa = PBXSourcesBuildPhase;
			buildActionMask = 2147483647;
			files = (
				F32CFAD5291933450056E794 /* SalonGoTests.swift in Sources */,
			);
			runOnlyForDeploymentPostprocessing = 0;
		};
		F32CFAD6291933450056E794 /* Sources */ = {
			isa = PBXSourcesBuildPhase;
			buildActionMask = 2147483647;
			files = (
				F32CFAE1291933450056E794 /* SalonGoUITestsLaunchTests.swift in Sources */,
				F32CFADF291933450056E794 /* SalonGoUITests.swift in Sources */,
			);
			runOnlyForDeploymentPostprocessing = 0;
		};
/* End PBXSourcesBuildPhase section */

/* Begin PBXTargetDependency section */
		F32CFAD2291933450056E794 /* PBXTargetDependency */ = {
			isa = PBXTargetDependency;
			target = F32CFAB6291933440056E794 /* SalonGo */;
			targetProxy = F32CFAD1291933450056E794 /* PBXContainerItemProxy */;
		};
		F32CFADC291933450056E794 /* PBXTargetDependency */ = {
			isa = PBXTargetDependency;
			target = F32CFAB6291933440056E794 /* SalonGo */;
			targetProxy = F32CFADB291933450056E794 /* PBXContainerItemProxy */;
		};
/* End PBXTargetDependency section */

/* Begin PBXVariantGroup section */
		F32CFAC8291933450056E794 /* LaunchScreen.storyboard */ = {
			isa = PBXVariantGroup;
			children = (
				F32CFAC9291933450056E794 /* Base */,
			);
			name = LaunchScreen.storyboard;
			sourceTree = "<group>";
		};
/* End PBXVariantGroup section */

/* Begin XCBuildConfiguration section */
		F32CFAE2291933450056E794 /* Debug */ = {
			isa = XCBuildConfiguration;
			buildSettings = {
				ALWAYS_SEARCH_USER_PATHS = NO;
				CLANG_ANALYZER_NONNULL = YES;
				CLANG_ANALYZER_NUMBER_OBJECT_CONVERSION = YES_AGGRESSIVE;
				CLANG_CXX_LANGUAGE_STANDARD = "gnu++20";
				CLANG_ENABLE_MODULES = YES;
				CLANG_ENABLE_OBJC_ARC = YES;
				CLANG_ENABLE_OBJC_WEAK = YES;
				CLANG_WARN_BLOCK_CAPTURE_AUTORELEASING = YES;
				CLANG_WARN_BOOL_CONVERSION = YES;
				CLANG_WARN_COMMA = YES;
				CLANG_WARN_CONSTANT_CONVERSION = YES;
				CLANG_WARN_DEPRECATED_OBJC_IMPLEMENTATIONS = YES;
				CLANG_WARN_DIRECT_OBJC_ISA_USAGE = YES_ERROR;
				CLANG_WARN_DOCUMENTATION_COMMENTS = YES;
				CLANG_WARN_EMPTY_BODY = YES;
				CLANG_WARN_ENUM_CONVERSION = YES;
				CLANG_WARN_INFINITE_RECURSION = YES;
				CLANG_WARN_INT_CONVERSION = YES;
				CLANG_WARN_NON_LITERAL_NULL_CONVERSION = YES;
				CLANG_WARN_OBJC_IMPLICIT_RETAIN_SELF = YES;
				CLANG_WARN_OBJC_LITERAL_CONVERSION = YES;
				CLANG_WARN_OBJC_ROOT_CLASS = YES_ERROR;
				CLANG_WARN_QUOTED_INCLUDE_IN_FRAMEWORK_HEADER = YES;
				CLANG_WARN_RANGE_LOOP_ANALYSIS = YES;
				CLANG_WARN_STRICT_PROTOTYPES = YES;
				CLANG_WARN_SUSPICIOUS_MOVE = YES;
				CLANG_WARN_UNGUARDED_AVAILABILITY = YES_AGGRESSIVE;
				CLANG_WARN_UNREACHABLE_CODE = YES;
				CLANG_WARN__DUPLICATE_METHOD_MATCH = YES;
				COPY_PHASE_STRIP = NO;
				DEBUG_INFORMATION_FORMAT = dwarf;
				ENABLE_STRICT_OBJC_MSGSEND = YES;
				ENABLE_TESTABILITY = YES;
				GCC_C_LANGUAGE_STANDARD = gnu11;
				GCC_DYNAMIC_NO_PIC = NO;
				GCC_NO_COMMON_BLOCKS = YES;
				GCC_OPTIMIZATION_LEVEL = 0;
				GCC_PREPROCESSOR_DEFINITIONS = (
					"DEBUG=1",
					"$(inherited)",
				);
				GCC_WARN_64_TO_32_BIT_CONVERSION = YES;
				GCC_WARN_ABOUT_RETURN_TYPE = YES_ERROR;
				GCC_WARN_UNDECLARED_SELECTOR = YES;
				GCC_WARN_UNINITIALIZED_AUTOS = YES_AGGRESSIVE;
				GCC_WARN_UNUSED_FUNCTION = YES;
				GCC_WARN_UNUSED_VARIABLE = YES;
				IPHONEOS_DEPLOYMENT_TARGET = 16.1;
				MTL_ENABLE_DEBUG_INFO = INCLUDE_SOURCE;
				MTL_FAST_MATH = YES;
				ONLY_ACTIVE_ARCH = YES;
				SDKROOT = iphoneos;
				SWIFT_ACTIVE_COMPILATION_CONDITIONS = DEBUG;
				SWIFT_OPTIMIZATION_LEVEL = "-Onone";
			};
			name = Debug;
		};
		F32CFAE3291933450056E794 /* Release */ = {
			isa = XCBuildConfiguration;
			buildSettings = {
				ALWAYS_SEARCH_USER_PATHS = NO;
				CLANG_ANALYZER_NONNULL = YES;
				CLANG_ANALYZER_NUMBER_OBJECT_CONVERSION = YES_AGGRESSIVE;
				CLANG_CXX_LANGUAGE_STANDARD = "gnu++20";
				CLANG_ENABLE_MODULES = YES;
				CLANG_ENABLE_OBJC_ARC = YES;
				CLANG_ENABLE_OBJC_WEAK = YES;
				CLANG_WARN_BLOCK_CAPTURE_AUTORELEASING = YES;
				CLANG_WARN_BOOL_CONVERSION = YES;
				CLANG_WARN_COMMA = YES;
				CLANG_WARN_CONSTANT_CONVERSION = YES;
				CLANG_WARN_DEPRECATED_OBJC_IMPLEMENTATIONS = YES;
				CLANG_WARN_DIRECT_OBJC_ISA_USAGE = YES_ERROR;
				CLANG_WARN_DOCUMENTATION_COMMENTS = YES;
				CLANG_WARN_EMPTY_BODY = YES;
				CLANG_WARN_ENUM_CONVERSION = YES;
				CLANG_WARN_INFINITE_RECURSION = YES;
				CLANG_WARN_INT_CONVERSION = YES;
				CLANG_WARN_NON_LITERAL_NULL_CONVERSION = YES;
				CLANG_WARN_OBJC_IMPLICIT_RETAIN_SELF = YES;
				CLANG_WARN_OBJC_LITERAL_CONVERSION = YES;
				CLANG_WARN_OBJC_ROOT_CLASS = YES_ERROR;
				CLANG_WARN_QUOTED_INCLUDE_IN_FRAMEWORK_HEADER = YES;
				CLANG_WARN_RANGE_LOOP_ANALYSIS = YES;
				CLANG_WARN_STRICT_PROTOTYPES = YES;
				CLANG_WARN_SUSPICIOUS_MOVE = YES;
				CLANG_WARN_UNGUARDED_AVAILABILITY = YES_AGGRESSIVE;
				CLANG_WARN_UNREACHABLE_CODE = YES;
				CLANG_WARN__DUPLICATE_METHOD_MATCH = YES;
				COPY_PHASE_STRIP = NO;
				DEBUG_INFORMATION_FORMAT = "dwarf-with-dsym";
				ENABLE_NS_ASSERTIONS = NO;
				ENABLE_STRICT_OBJC_MSGSEND = YES;
				GCC_C_LANGUAGE_STANDARD = gnu11;
				GCC_NO_COMMON_BLOCKS = YES;
				GCC_WARN_64_TO_32_BIT_CONVERSION = YES;
				GCC_WARN_ABOUT_RETURN_TYPE = YES_ERROR;
				GCC_WARN_UNDECLARED_SELECTOR = YES;
				GCC_WARN_UNINITIALIZED_AUTOS = YES_AGGRESSIVE;
				GCC_WARN_UNUSED_FUNCTION = YES;
				GCC_WARN_UNUSED_VARIABLE = YES;
				IPHONEOS_DEPLOYMENT_TARGET = 16.1;
				MTL_ENABLE_DEBUG_INFO = NO;
				MTL_FAST_MATH = YES;
				SDKROOT = iphoneos;
				SWIFT_COMPILATION_MODE = wholemodule;
				SWIFT_OPTIMIZATION_LEVEL = "-O";
				VALIDATE_PRODUCT = YES;
			};
			name = Release;
		};
		F32CFAE5291933450056E794 /* Debug */ = {
			isa = XCBuildConfiguration;
			buildSettings = {
				ASSETCATALOG_COMPILER_APPICON_NAME = AppIcon;
				ASSETCATALOG_COMPILER_GLOBAL_ACCENT_COLOR_NAME = AccentColor;
				CODE_SIGN_STYLE = Automatic;
				CURRENT_PROJECT_VERSION = 1;
				DEVELOPMENT_TEAM = 2P65JA735T;
				GENERATE_INFOPLIST_FILE = YES;
				INFOPLIST_FILE = SalonGo/Info.plist;
				INFOPLIST_KEY_UIApplicationSupportsIndirectInputEvents = YES;
				INFOPLIST_KEY_UILaunchStoryboardName = LaunchScreen;
				INFOPLIST_KEY_UISupportedInterfaceOrientations_iPad = "UIInterfaceOrientationPortrait UIInterfaceOrientationPortraitUpsideDown UIInterfaceOrientationLandscapeLeft UIInterfaceOrientationLandscapeRight";
				INFOPLIST_KEY_UISupportedInterfaceOrientations_iPhone = "UIInterfaceOrientationPortrait UIInterfaceOrientationLandscapeLeft UIInterfaceOrientationLandscapeRight";
				LD_RUNPATH_SEARCH_PATHS = (
					"$(inherited)",
					"@executable_path/Frameworks",
				);
				MARKETING_VERSION = 1.0;
				PRODUCT_BUNDLE_IDENTIFIER = com.quarteto.SalonGo;
				PRODUCT_NAME = "$(TARGET_NAME)";
				SWIFT_EMIT_LOC_STRINGS = YES;
				SWIFT_VERSION = 5.0;
				TARGETED_DEVICE_FAMILY = "1,2";
			};
			name = Debug;
		};
		F32CFAE6291933450056E794 /* Release */ = {
			isa = XCBuildConfiguration;
			buildSettings = {
				ASSETCATALOG_COMPILER_APPICON_NAME = AppIcon;
				ASSETCATALOG_COMPILER_GLOBAL_ACCENT_COLOR_NAME = AccentColor;
				CODE_SIGN_STYLE = Automatic;
				CURRENT_PROJECT_VERSION = 1;
				DEVELOPMENT_TEAM = 2P65JA735T;
				GENERATE_INFOPLIST_FILE = YES;
				INFOPLIST_FILE = SalonGo/Info.plist;
				INFOPLIST_KEY_UIApplicationSupportsIndirectInputEvents = YES;
				INFOPLIST_KEY_UILaunchStoryboardName = LaunchScreen;
				INFOPLIST_KEY_UISupportedInterfaceOrientations_iPad = "UIInterfaceOrientationPortrait UIInterfaceOrientationPortraitUpsideDown UIInterfaceOrientationLandscapeLeft UIInterfaceOrientationLandscapeRight";
				INFOPLIST_KEY_UISupportedInterfaceOrientations_iPhone = "UIInterfaceOrientationPortrait UIInterfaceOrientationLandscapeLeft UIInterfaceOrientationLandscapeRight";
				LD_RUNPATH_SEARCH_PATHS = (
					"$(inherited)",
					"@executable_path/Frameworks",
				);
				MARKETING_VERSION = 1.0;
				PRODUCT_BUNDLE_IDENTIFIER = com.quarteto.SalonGo;
				PRODUCT_NAME = "$(TARGET_NAME)";
				SWIFT_EMIT_LOC_STRINGS = YES;
				SWIFT_VERSION = 5.0;
				TARGETED_DEVICE_FAMILY = "1,2";
			};
			name = Release;
		};
		F32CFAE8291933450056E794 /* Debug */ = {
			isa = XCBuildConfiguration;
			buildSettings = {
				ALWAYS_EMBED_SWIFT_STANDARD_LIBRARIES = YES;
				BUNDLE_LOADER = "$(TEST_HOST)";
				CODE_SIGN_STYLE = Automatic;
				CURRENT_PROJECT_VERSION = 1;
				DEVELOPMENT_TEAM = 2P65JA735T;
				GENERATE_INFOPLIST_FILE = YES;
				IPHONEOS_DEPLOYMENT_TARGET = 16.1;
				MARKETING_VERSION = 1.0;
				PRODUCT_BUNDLE_IDENTIFIER = com.quarteto.SalonGoTests;
				PRODUCT_NAME = "$(TARGET_NAME)";
				SWIFT_EMIT_LOC_STRINGS = NO;
				SWIFT_VERSION = 5.0;
				TARGETED_DEVICE_FAMILY = "1,2";
				TEST_HOST = "$(BUILT_PRODUCTS_DIR)/SalonGo.app/$(BUNDLE_EXECUTABLE_FOLDER_PATH)/SalonGo";
			};
			name = Debug;
		};
		F32CFAE9291933450056E794 /* Release */ = {
			isa = XCBuildConfiguration;
			buildSettings = {
				ALWAYS_EMBED_SWIFT_STANDARD_LIBRARIES = YES;
				BUNDLE_LOADER = "$(TEST_HOST)";
				CODE_SIGN_STYLE = Automatic;
				CURRENT_PROJECT_VERSION = 1;
				DEVELOPMENT_TEAM = 2P65JA735T;
				GENERATE_INFOPLIST_FILE = YES;
				IPHONEOS_DEPLOYMENT_TARGET = 16.1;
				MARKETING_VERSION = 1.0;
				PRODUCT_BUNDLE_IDENTIFIER = com.quarteto.SalonGoTests;
				PRODUCT_NAME = "$(TARGET_NAME)";
				SWIFT_EMIT_LOC_STRINGS = NO;
				SWIFT_VERSION = 5.0;
				TARGETED_DEVICE_FAMILY = "1,2";
				TEST_HOST = "$(BUILT_PRODUCTS_DIR)/SalonGo.app/$(BUNDLE_EXECUTABLE_FOLDER_PATH)/SalonGo";
			};
			name = Release;
		};
		F32CFAEB291933450056E794 /* Debug */ = {
			isa = XCBuildConfiguration;
			buildSettings = {
				ALWAYS_EMBED_SWIFT_STANDARD_LIBRARIES = YES;
				CODE_SIGN_STYLE = Automatic;
				CURRENT_PROJECT_VERSION = 1;
				DEVELOPMENT_TEAM = 2P65JA735T;
				GENERATE_INFOPLIST_FILE = YES;
				MARKETING_VERSION = 1.0;
				PRODUCT_BUNDLE_IDENTIFIER = com.quarteto.SalonGoUITests;
				PRODUCT_NAME = "$(TARGET_NAME)";
				SWIFT_EMIT_LOC_STRINGS = NO;
				SWIFT_VERSION = 5.0;
				TARGETED_DEVICE_FAMILY = "1,2";
				TEST_TARGET_NAME = SalonGo;
			};
			name = Debug;
		};
		F32CFAEC291933450056E794 /* Release */ = {
			isa = XCBuildConfiguration;
			buildSettings = {
				ALWAYS_EMBED_SWIFT_STANDARD_LIBRARIES = YES;
				CODE_SIGN_STYLE = Automatic;
				CURRENT_PROJECT_VERSION = 1;
				DEVELOPMENT_TEAM = 2P65JA735T;
				GENERATE_INFOPLIST_FILE = YES;
				MARKETING_VERSION = 1.0;
				PRODUCT_BUNDLE_IDENTIFIER = com.quarteto.SalonGoUITests;
				PRODUCT_NAME = "$(TARGET_NAME)";
				SWIFT_EMIT_LOC_STRINGS = NO;
				SWIFT_VERSION = 5.0;
				TARGETED_DEVICE_FAMILY = "1,2";
				TEST_TARGET_NAME = SalonGo;
			};
			name = Release;
		};
/* End XCBuildConfiguration section */

/* Begin XCConfigurationList section */
		F32CFAB2291933440056E794 /* Build configuration list for PBXProject "SalonGo" */ = {
			isa = XCConfigurationList;
			buildConfigurations = (
				F32CFAE2291933450056E794 /* Debug */,
				F32CFAE3291933450056E794 /* Release */,
			);
			defaultConfigurationIsVisible = 0;
			defaultConfigurationName = Release;
		};
		F32CFAE4291933450056E794 /* Build configuration list for PBXNativeTarget "SalonGo" */ = {
			isa = XCConfigurationList;
			buildConfigurations = (
				F32CFAE5291933450056E794 /* Debug */,
				F32CFAE6291933450056E794 /* Release */,
			);
			defaultConfigurationIsVisible = 0;
			defaultConfigurationName = Release;
		};
		F32CFAE7291933450056E794 /* Build configuration list for PBXNativeTarget "SalonGoTests" */ = {
			isa = XCConfigurationList;
			buildConfigurations = (
				F32CFAE8291933450056E794 /* Debug */,
				F32CFAE9291933450056E794 /* Release */,
			);
			defaultConfigurationIsVisible = 0;
			defaultConfigurationName = Release;
		};
		F32CFAEA291933450056E794 /* Build configuration list for PBXNativeTarget "SalonGoUITests" */ = {
			isa = XCConfigurationList;
			buildConfigurations = (
				F32CFAEB291933450056E794 /* Debug */,
				F32CFAEC291933450056E794 /* Release */,
			);
			defaultConfigurationIsVisible = 0;
			defaultConfigurationName = Release;
		};
/* End XCConfigurationList section */

/* Begin XCVersionGroup section */
		F32CFAC3291933440056E794 /* SalonGo.xcdatamodeld */ = {
			isa = XCVersionGroup;
			children = (
				F32CFAC4291933440056E794 /* SalonGo.xcdatamodel */,
			);
			currentVersion = F32CFAC4291933440056E794 /* SalonGo.xcdatamodel */;
			path = SalonGo.xcdatamodeld;
			sourceTree = "<group>";
			versionGroupType = wrapper.xcdatamodel;
		};
/* End XCVersionGroup section */
	};
	rootObject = F32CFAAF291933440056E794 /* Project object */;
}
